// !$*UTF8*$!
{
	archiveVersion = 1;
	classes = {
	};
	objectVersion = 50;
	objects = {

/* Begin PBXBuildFile section */
		7A677C92219033A00082BFF6 /* AppDelegate.m in Sources */ = {isa = PBXBuildFile; fileRef = 7A677C91219033A00082BFF6 /* AppDelegate.m */; };
		7A677C98219033A00082BFF6 /* Main.storyboard in Resources */ = {isa = PBXBuildFile; fileRef = 7A677C96219033A00082BFF6 /* Main.storyboard */; };
		7A677C9A219033A20082BFF6 /* Assets.xcassets in Resources */ = {isa = PBXBuildFile; fileRef = 7A677C99219033A20082BFF6 /* Assets.xcassets */; };
		7A677C9D219033A20082BFF6 /* LaunchScreen.storyboard in Resources */ = {isa = PBXBuildFile; fileRef = 7A677C9B219033A20082BFF6 /* LaunchScreen.storyboard */; };
		7A677CA0219033A20082BFF6 /* main.m in Sources */ = {isa = PBXBuildFile; fileRef = 7A677C9F219033A20082BFF6 /* main.m */; };
		7A677CAB219034B90082BFF6 /* MainViewController.m in Sources */ = {isa = PBXBuildFile; fileRef = 7A677CAA219034B90082BFF6 /* MainViewController.m */; };
		7A677CAE219035C10082BFF6 /* ImageViewController.m in Sources */ = {isa = PBXBuildFile; fileRef = 7A677CAD219035C10082BFF6 /* ImageViewController.m */; };
		7A677CB021903BBD0082BFF6 /* Default-568h@2x.png in Resources */ = {isa = PBXBuildFile; fileRef = 7A677CAF21903BBD0082BFF6 /* Default-568h@2x.png */; };
/* End PBXBuildFile section */

/* Begin PBXFileReference section */
		7A677C8D219033A00082BFF6 /* imaginarium.app */ = {isa = PBXFileReference; explicitFileType = wrapper.application; includeInIndex = 0; path = imaginarium.app; sourceTree = BUILT_PRODUCTS_DIR; };
		7A677C90219033A00082BFF6 /* AppDelegate.h */ = {isa = PBXFileReference; lastKnownFileType = sourcecode.c.h; path = AppDelegate.h; sourceTree = "<group>"; };
		7A677C91219033A00082BFF6 /* AppDelegate.m */ = {isa = PBXFileReference; lastKnownFileType = sourcecode.c.objc; path = AppDelegate.m; sourceTree = "<group>"; };
		7A677C97219033A00082BFF6 /* Base */ = {isa = PBXFileReference; lastKnownFileType = file.storyboard; name = Base; path = Base.lproj/Main.storyboard; sourceTree = "<group>"; };
		7A677C99219033A20082BFF6 /* Assets.xcassets */ = {isa = PBXFileReference; lastKnownFileType = folder.assetcatalog; path = Assets.xcassets; sourceTree = "<group>"; };
		7A677C9C219033A20082BFF6 /* Base */ = {isa = PBXFileReference; lastKnownFileType = file.storyboard; name = Base; path = Base.lproj/LaunchScreen.storyboard; sourceTree = "<group>"; };
		7A677C9E219033A20082BFF6 /* Info.plist */ = {isa = PBXFileReference; lastKnownFileType = text.plist.xml; path = Info.plist; sourceTree = "<group>"; };
		7A677C9F219033A20082BFF6 /* main.m */ = {isa = PBXFileReference; lastKnownFileType = sourcecode.c.objc; path = main.m; sourceTree = "<group>"; };
		7A677CA9219034B90082BFF6 /* MainViewController.h */ = {isa = PBXFileReference; lastKnownFileType = sourcecode.c.h; path = MainViewController.h; sourceTree = "<group>"; };
		7A677CAA219034B90082BFF6 /* MainViewController.m */ = {isa = PBXFileReference; lastKnownFileType = sourcecode.c.objc; path = MainViewController.m; sourceTree = "<group>"; };
		7A677CAC219035C10082BFF6 /* ImageViewController.h */ = {isa = PBXFileReference; lastKnownFileType = sourcecode.c.h; path = ImageViewController.h; sourceTree = "<group>"; };
		7A677CAD219035C10082BFF6 /* ImageViewController.m */ = {isa = PBXFileReference; lastKnownFileType = sourcecode.c.objc; path = ImageViewController.m; sourceTree = "<group>"; };
		7A677CAF21903BBD0082BFF6 /* Default-568h@2x.png */ = {isa = PBXFileReference; lastKnownFileType = image.png; path = "Default-568h@2x.png"; sourceTree = "<group>"; };
/* End PBXFileReference section */

/* Begin PBXFrameworksBuildPhase section */
		7A677C8A219033A00082BFF6 /* Frameworks */ = {
			isa = PBXFrameworksBuildPhase;
			buildActionMask = 2147483647;
			files = (
			);
			runOnlyForDeploymentPostprocessing = 0;
		};
/* End PBXFrameworksBuildPhase section */

/* Begin PBXGroup section */
		7A48BC62219E83F9005E7BA9 /* Controller */ = {
			isa = PBXGroup;
			children = (
				7A677CA9219034B90082BFF6 /* MainViewController.h */,
				7A677CAA219034B90082BFF6 /* MainViewController.m */,
				7A677CAC219035C10082BFF6 /* ImageViewController.h */,
				7A677CAD219035C10082BFF6 /* ImageViewController.m */,
			);
			path = Controller;
			sourceTree = "<group>";
		};
		7A677C84219033A00082BFF6 = {
			isa = PBXGroup;
			children = (
				7A677CAF21903BBD0082BFF6 /* Default-568h@2x.png */,
				7A677C8F219033A00082BFF6 /* imaginarium */,
				7A677C8E219033A00082BFF6 /* Products */,
			);
			sourceTree = "<group>";
		};
		7A677C8E219033A00082BFF6 /* Products */ = {
			isa = PBXGroup;
			children = (
				7A677C8D219033A00082BFF6 /* imaginarium.app */,
			);
			name = Products;
			sourceTree = "<group>";
		};
		7A677C8F219033A00082BFF6 /* imaginarium */ = {
			isa = PBXGroup;
			children = (
				7A48BC62219E83F9005E7BA9 /* Controller */,
				7A677CA7219033B40082BFF6 /* View */,
				7A677C90219033A00082BFF6 /* AppDelegate.h */,
				7A677C91219033A00082BFF6 /* AppDelegate.m */,
				7A677C99219033A20082BFF6 /* Assets.xcassets */,
				7A677C9B219033A20082BFF6 /* LaunchScreen.storyboard */,
				7A677C9E219033A20082BFF6 /* Info.plist */,
				7A677C9F219033A20082BFF6 /* main.m */,
			);
			path = imaginarium;
			sourceTree = "<group>";
		};
		7A677CA7219033B40082BFF6 /* View */ = {
			isa = PBXGroup;
			children = (
				7A677C96219033A00082BFF6 /* Main.storyboard */,
			);
			path = View;
			sourceTree = "<group>";
		};
/* End PBXGroup section */

/* Begin PBXNativeTarget section */
		7A677C8C219033A00082BFF6 /* imaginarium */ = {
			isa = PBXNativeTarget;
			buildConfigurationList = 7A677CA3219033A20082BFF6 /* Build configuration list for PBXNativeTarget "imaginarium" */;
			buildPhases = (
				7A677C89219033A00082BFF6 /* Sources */,
				7A677C8A219033A00082BFF6 /* Frameworks */,
				7A677C8B219033A00082BFF6 /* Resources */,
			);
			buildRules = (
			);
			dependencies = (
			);
			name = imaginarium;
			productName = imaginarium;
			productReference = 7A677C8D219033A00082BFF6 /* imaginarium.app */;
			productType = "com.apple.product-type.application";
		};
/* End PBXNativeTarget section */

/* Begin PBXProject section */
		7A677C85219033A00082BFF6 /* Project object */ = {
			isa = PBXProject;
			attributes = {
				LastUpgradeCheck = 1010;
				ORGANIZATIONNAME = JihoonPark;
				TargetAttributes = {
					7A677C8C219033A00082BFF6 = {
						CreatedOnToolsVersion = 10.1;
					};
				};
			};
			buildConfigurationList = 7A677C88219033A00082BFF6 /* Build configuration list for PBXProject "imaginarium" */;
			compatibilityVersion = "Xcode 9.3";
			developmentRegion = en;
			hasScannedForEncodings = 0;
			knownRegions = (
				en,
				Base,
			);
			mainGroup = 7A677C84219033A00082BFF6;
			productRefGroup = 7A677C8E219033A00082BFF6 /* Products */;
			projectDirPath = "";
			projectRoot = "";
			targets = (
				7A677C8C219033A00082BFF6 /* imaginarium */,
			);
		};
/* End PBXProject section */

/* Begin PBXResourcesBuildPhase section */
		7A677C8B219033A00082BFF6 /* Resources */ = {
			isa = PBXResourcesBuildPhase;
			buildActionMask = 2147483647;
			files = (
				7A677C9D219033A20082BFF6 /* LaunchScreen.storyboard in Resources */,
				7A677CB021903BBD0082BFF6 /* Default-568h@2x.png in Resources */,
				7A677C9A219033A20082BFF6 /* Assets.xcassets in Resources */,
				7A677C98219033A00082BFF6 /* Main.storyboard in Resources */,
			);
			runOnlyForDeploymentPostprocessing = 0;
		};
/* End PBXResourcesBuildPhase section */

/* Begin PBXSourcesBuildPhase section */
		7A677C89219033A00082BFF6 /* Sources */ = {
			isa = PBXSourcesBuildPhase;
			buildActionMask = 2147483647;
			files = (
				7A677CA0219033A20082BFF6 /* main.m in Sources */,
				7A677CAB219034B90082BFF6 /* MainViewController.m in Sources */,
				7A677CAE219035C10082BFF6 /* ImageViewController.m in Sources */,
				7A677C92219033A00082BFF6 /* AppDelegate.m in Sources */,
			);
			runOnlyForDeploymentPostprocessing = 0;
		};
/* End PBXSourcesBuildPhase section */

/* Begin PBXVariantGroup section */
		7A677C96219033A00082BFF6 /* Main.storyboard */ = {
			isa = PBXVariantGroup;
			children = (
				7A677C97219033A00082BFF6 /* Base */,
			);
			name = Main.storyboard;
			sourceTree = "<group>";
		};
		7A677C9B219033A20082BFF6 /* LaunchScreen.storyboard */ = {
			isa = PBXVariantGroup;
			children = (
				7A677C9C219033A20082BFF6 /* Base */,
			);
			name = LaunchScreen.storyboard;
			sourceTree = "<group>";
		};
/* End PBXVariantGroup section */

/* Begin XCBuildConfiguration section */
		7A677CA1219033A20082BFF6 /* Debug */ = {
			isa = XCBuildConfiguration;
			buildSettings = {
				ALWAYS_SEARCH_USER_PATHS = NO;
				CLANG_ANALYZER_NONNULL = YES;
				CLANG_ANALYZER_NUMBER_OBJECT_CONVERSION = YES_AGGRESSIVE;
				CLANG_CXX_LANGUAGE_STANDARD = "gnu++14";
				CLANG_CXX_LIBRARY = "libc++";
				CLANG_ENABLE_MODULES = YES;
				CLANG_ENABLE_OBJC_ARC = YES;
				CLANG_ENABLE_OBJC_WEAK = YES;
				CLANG_WARN_BLOCK_CAPTURE_AUTORELEASING = YES;
				CLANG_WARN_BOOL_CONVERSION = YES;
				CLANG_WARN_COMMA = YES;
				CLANG_WARN_CONSTANT_CONVERSION = YES;
				CLANG_WARN_DEPRECATED_OBJC_IMPLEMENTATIONS = YES;
				CLANG_WARN_DIRECT_OBJC_ISA_USAGE = YES_ERROR;
				CLANG_WARN_DOCUMENTATION_COMMENTS = YES;
				CLANG_WARN_EMPTY_BODY = YES;
				CLANG_WARN_ENUM_CONVERSION = YES;
				CLANG_WARN_INFINITE_RECURSION = YES;
				CLANG_WARN_INT_CONVERSION = YES;
				CLANG_WARN_NON_LITERAL_NULL_CONVERSION = YES;
				CLANG_WARN_OBJC_IMPLICIT_RETAIN_SELF = YES;
				CLANG_WARN_OBJC_LITERAL_CONVERSION = YES;
				CLANG_WARN_OBJC_ROOT_CLASS = YES_ERROR;
				CLANG_WARN_RANGE_LOOP_ANALYSIS = YES;
				CLANG_WARN_STRICT_PROTOTYPES = YES;
				CLANG_WARN_SUSPICIOUS_MOVE = YES;
				CLANG_WARN_UNGUARDED_AVAILABILITY = YES_AGGRESSIVE;
				CLANG_WARN_UNREACHABLE_CODE = YES;
				CLANG_WARN__DUPLICATE_METHOD_MATCH = YES;
				CODE_SIGN_IDENTITY = "iPhone Developer";
				COPY_PHASE_STRIP = NO;
				DEBUG_INFORMATION_FORMAT = dwarf;
				ENABLE_STRICT_OBJC_MSGSEND = YES;
				ENABLE_TESTABILITY = YES;
				GCC_C_LANGUAGE_STANDARD = gnu11;
				GCC_DYNAMIC_NO_PIC = NO;
				GCC_NO_COMMON_BLOCKS = YES;
				GCC_OPTIMIZATION_LEVEL = 0;
				GCC_PREPROCESSOR_DEFINITIONS = (
					"DEBUG=1",
					"$(inherited)",
				);
				GCC_WARN_64_TO_32_BIT_CONVERSION = YES;
				GCC_WARN_ABOUT_RETURN_TYPE = YES_ERROR;
				GCC_WARN_UNDECLARED_SELECTOR = YES;
				GCC_WARN_UNINITIALIZED_AUTOS = YES_AGGRESSIVE;
				GCC_WARN_UNUSED_FUNCTION = YES;
				GCC_WARN_UNUSED_VARIABLE = YES;
				IPHONEOS_DEPLOYMENT_TARGET = 12.1;
				MTL_ENABLE_DEBUG_INFO = INCLUDE_SOURCE;
				MTL_FAST_MATH = YES;
				ONLY_ACTIVE_ARCH = YES;
				SDKROOT = iphoneos;
			};
			name = Debug;
		};
		7A677CA2219033A20082BFF6 /* Release */ = {
			isa = XCBuildConfiguration;
			buildSettings = {
				ALWAYS_SEARCH_USER_PATHS = NO;
				CLANG_ANALYZER_NONNULL = YES;
				CLANG_ANALYZER_NUMBER_OBJECT_CONVERSION = YES_AGGRESSIVE;
				CLANG_CXX_LANGUAGE_STANDARD = "gnu++14";
				CLANG_CXX_LIBRARY = "libc++";
				CLANG_ENABLE_MODULES = YES;
				CLANG_ENABLE_OBJC_ARC = YES;
				CLANG_ENABLE_OBJC_WEAK = YES;
				CLANG_WARN_BLOCK_CAPTURE_AUTORELEASING = YES;
				CLANG_WARN_BOOL_CONVERSION = YES;
				CLANG_WARN_COMMA = YES;
				CLANG_WARN_CONSTANT_CONVERSION = YES;
				CLANG_WARN_DEPRECATED_OBJC_IMPLEMENTATIONS = YES;
				CLANG_WARN_DIRECT_OBJC_ISA_USAGE = YES_ERROR;
				CLANG_WARN_DOCUMENTATION_COMMENTS = YES;
				CLANG_WARN_EMPTY_BODY = YES;
				CLANG_WARN_ENUM_CONVERSION = YES;
				CLANG_WARN_INFINITE_RECURSION = YES;
				CLANG_WARN_INT_CONVERSION = YES;
				CLANG_WARN_NON_LITERAL_NULL_CONVERSION = YES;
				CLANG_WARN_OBJC_IMPLICIT_RETAIN_SELF = YES;
				CLANG_WARN_OBJC_LITERAL_CONVERSION = YES;
				CLANG_WARN_OBJC_ROOT_CLASS = YES_ERROR;
				CLANG_WARN_RANGE_LOOP_ANALYSIS = YES;
				CLANG_WARN_STRICT_PROTOTYPES = YES;
				CLANG_WARN_SUSPICIOUS_MOVE = YES;
				CLANG_WARN_UNGUARDED_AVAILABILITY = YES_AGGRESSIVE;
				CLANG_WARN_UNREACHABLE_CODE = YES;
				CLANG_WARN__DUPLICATE_METHOD_MATCH = YES;
				CODE_SIGN_IDENTITY = "iPhone Developer";
				COPY_PHASE_STRIP = NO;
				DEBUG_INFORMATION_FORMAT = "dwarf-with-dsym";
				ENABLE_NS_ASSERTIONS = NO;
				ENABLE_STRICT_OBJC_MSGSEND = YES;
				GCC_C_LANGUAGE_STANDARD = gnu11;
				GCC_NO_COMMON_BLOCKS = YES;
				GCC_WARN_64_TO_32_BIT_CONVERSION = YES;
				GCC_WARN_ABOUT_RETURN_TYPE = YES_ERROR;
				GCC_WARN_UNDECLARED_SELECTOR = YES;
				GCC_WARN_UNINITIALIZED_AUTOS = YES_AGGRESSIVE;
				GCC_WARN_UNUSED_FUNCTION = YES;
				GCC_WARN_UNUSED_VARIABLE = YES;
				IPHONEOS_DEPLOYMENT_TARGET = 12.1;
				MTL_ENABLE_DEBUG_INFO = NO;
				MTL_FAST_MATH = YES;
				SDKROOT = iphoneos;
				VALIDATE_PRODUCT = YES;
			};
			name = Release;
		};
		7A677CA4219033A20082BFF6 /* Debug */ = {
			isa = XCBuildConfiguration;
			buildSettings = {
				ASSETCATALOG_COMPILER_APPICON_NAME = AppIcon;
				CODE_SIGN_STYLE = Automatic;
				DEVELOPMENT_TEAM = Z73D4U4HW8;
				INFOPLIST_FILE = imaginarium/Info.plist;
				LD_RUNPATH_SEARCH_PATHS = (
					"$(inherited)",
					"@executable_path/Frameworks",
				);
				PRODUCT_BUNDLE_IDENTIFIER = cnu.201402356.imaginarium;
				PRODUCT_NAME = "$(TARGET_NAME)";
				TARGETED_DEVICE_FAMILY = "1,2";
			};
			name = Debug;
		};
		7A677CA5219033A20082BFF6 /* Release */ = {
			isa = XCBuildConfiguration;
			buildSettings = {
				ASSETCATALOG_COMPILER_APPICON_NAME = AppIcon;
				CODE_SIGN_STYLE = Automatic;
				DEVELOPMENT_TEAM = Z73D4U4HW8;
				INFOPLIST_FILE = imaginarium/Info.plist;
				LD_RUNPATH_SEARCH_PATHS = (
					"$(inherited)",
					"@executable_path/Frameworks",
				);
				PRODUCT_BUNDLE_IDENTIFIER = cnu.201402356.imaginarium;
				PRODUCT_NAME = "$(TARGET_NAME)";
				TARGETED_DEVICE_FAMILY = "1,2";
			};
			name = Release;
		};
/* End XCBuildConfiguration section */

/* Begin XCConfigurationList section */
		7A677C88219033A00082BFF6 /* Build configuration list for PBXProject "imaginarium" */ = {
			isa = XCConfigurationList;
			buildConfigurations = (
				7A677CA1219033A20082BFF6 /* Debug */,
				7A677CA2219033A20082BFF6 /* Release */,
			);
			defaultConfigurationIsVisible = 0;
			defaultConfigurationName = Release;
		};
		7A677CA3219033A20082BFF6 /* Build configuration list for PBXNativeTarget "imaginarium" */ = {
			isa = XCConfigurationList;
			buildConfigurations = (
				7A677CA4219033A20082BFF6 /* Debug */,
				7A677CA5219033A20082BFF6 /* Release */,
			);
			defaultConfigurationIsVisible = 0;
			defaultConfigurationName = Release;
		};
/* End XCConfigurationList section */
	};
	rootObject = 7A677C85219033A00082BFF6 /* Project object */;
}
